
Microsoft Visual Studio Solution File, Format Version 12.00
# Visual Studio Version 17
VisualStudioVersion = 17.8.34330.188
MinimumVisualStudioVersion = 10.0.40219.1
Project("{9A19103F-16F7-4668-BE54-9A1E7A4F7556}") = "FlowZone", "FlowZone\FlowZone.csproj", "{72715229-9EC3-4A27-8BFF-BED4B0FB1163}"
EndProject
Project("{9A19103F-16F7-4668-BE54-9A1E7A4F7556}") = "FlowZone.Api", "FlowZone.Api\FlowZone.Api.csproj", "{3A4C7087-76C5-45BE-8D7E-B76FB0B1AABB}"
EndProject
Project("{9A19103F-16F7-4668-BE54-9A1E7A4F7556}") = "FlowZone.shared", "FlowZone.shared\FlowZone.shared.csproj", "{75D45B51-4E88-4E1D-A909-6026C58435BD}"
EndProject
Project("{FAE04EC0-301F-11D3-BF4B-00C04F79EFBC}") = "FlowZone.web", "FlowZone.web\FlowZone.web.csproj", "{B079AA0C-F30B-4287-A4D7-56452EC2C9AD}"
EndProject
Global
	GlobalSection(SolutionConfigurationPlatforms) = preSolution
		Debug|Any CPU = Debug|Any CPU
		Release|Any CPU = Release|Any CPU
	EndGlobalSection
	GlobalSection(ProjectConfigurationPlatforms) = postSolution
		{72715229-9EC3-4A27-8BFF-BED4B0FB1163}.Debug|Any CPU.ActiveCfg = Debug|Any CPU
		{72715229-9EC3-4A27-8BFF-BED4B0FB1163}.Debug|Any CPU.Build.0 = Debug|Any CPU
		{72715229-9EC3-4A27-8BFF-BED4B0FB1163}.Debug|Any CPU.Deploy.0 = Debug|Any CPU
		{72715229-9EC3-4A27-8BFF-BED4B0FB1163}.Release|Any CPU.ActiveCfg = Release|Any CPU
		{72715229-9EC3-4A27-8BFF-BED4B0FB1163}.Release|Any CPU.Build.0 = Release|Any CPU
		{72715229-9EC3-4A27-8BFF-BED4B0FB1163}.Release|Any CPU.Deploy.0 = Release|Any CPU
		{3A4C7087-76C5-45BE-8D7E-B76FB0B1AABB}.Debug|Any CPU.ActiveCfg = Debug|Any CPU
		{3A4C7087-76C5-45BE-8D7E-B76FB0B1AABB}.Debug|Any CPU.Build.0 = Debug|Any CPU
		{3A4C7087-76C5-45BE-8D7E-B76FB0B1AABB}.Release|Any CPU.ActiveCfg = Release|Any CPU
		{3A4C7087-76C5-45BE-8D7E-B76FB0B1AABB}.Release|Any CPU.Build.0 = Release|Any CPU
		{75D45B51-4E88-4E1D-A909-6026C58435BD}.Debug|Any CPU.ActiveCfg = Debug|Any CPU
		{75D45B51-4E88-4E1D-A909-6026C58435BD}.Debug|Any CPU.Build.0 = Debug|Any CPU
		{75D45B51-4E88-4E1D-A909-6026C58435BD}.Release|Any CPU.ActiveCfg = Release|Any CPU
		{75D45B51-4E88-4E1D-A909-6026C58435BD}.Release|Any CPU.Build.0 = Release|Any CPU
		{B079AA0C-F30B-4287-A4D7-56452EC2C9AD}.Debug|Any CPU.ActiveCfg = Debug|Any CPU
		{B079AA0C-F30B-4287-A4D7-56452EC2C9AD}.Debug|Any CPU.Build.0 = Debug|Any CPU
		{B079AA0C-F30B-4287-A4D7-56452EC2C9AD}.Release|Any CPU.ActiveCfg = Release|Any CPU
		{B079AA0C-F30B-4287-A4D7-56452EC2C9AD}.Release|Any CPU.Build.0 = Release|Any CPU
	EndGlobalSection
	GlobalSection(SolutionProperties) = preSolution
		HideSolutionNode = FALSE
	EndGlobalSection
	GlobalSection(ExtensibilityGlobals) = postSolution
		SolutionGuid = {06C60F11-B9E2-4B93-80E6-C2BE913725E5}
	EndGlobalSection
EndGlobal
